// !$*UTF8*$!
{
	archiveVersion = 1;
	classes = {
	};
	objectVersion = 50;
	objects = {

/* Begin PBXBuildFile section */
		AE713E8D2649FFFC00A712A7 /* FrejApp.swift in Sources */ = {isa = PBXBuildFile; fileRef = AE713E8C2649FFFC00A712A7 /* FrejApp.swift */; };
		AE713E8F2649FFFC00A712A7 /* ContentView.swift in Sources */ = {isa = PBXBuildFile; fileRef = AE713E8E2649FFFC00A712A7 /* ContentView.swift */; };
		AE713E912649FFFD00A712A7 /* Assets.xcassets in Resources */ = {isa = PBXBuildFile; fileRef = AE713E902649FFFD00A712A7 /* Assets.xcassets */; };
		AE713E942649FFFD00A712A7 /* Preview Assets.xcassets in Resources */ = {isa = PBXBuildFile; fileRef = AE713E932649FFFD00A712A7 /* Preview Assets.xcassets */; };
		AE713E9F2649FFFD00A712A7 /* FrejTests.swift in Sources */ = {isa = PBXBuildFile; fileRef = AE713E9E2649FFFD00A712A7 /* FrejTests.swift */; };
		AE713EAA2649FFFD00A712A7 /* FrejUITests.swift in Sources */ = {isa = PBXBuildFile; fileRef = AE713EA92649FFFD00A712A7 /* FrejUITests.swift */; };
		AE713EB8264DACC100A712A7 /* LocationProvider.swift in Sources */ = {isa = PBXBuildFile; fileRef = AE713EB7264DACC100A712A7 /* LocationProvider.swift */; };
		AE713EBA264DB79B00A712A7 /* Weather.swift in Sources */ = {isa = PBXBuildFile; fileRef = AE713EB9264DB79B00A712A7 /* Weather.swift */; };
		AE7344D226FE261A0048EABF /* Icons.swift in Sources */ = {isa = PBXBuildFile; fileRef = AE7344D126FE261A0048EABF /* Icons.swift */; };
		AE7344D426FF03500048EABF /* ColorHex.swift in Sources */ = {isa = PBXBuildFile; fileRef = AE7344D326FF034F0048EABF /* ColorHex.swift */; };
		AE7344D626FF37D50048EABF /* DateFromComponents.swift in Sources */ = {isa = PBXBuildFile; fileRef = AE7344D526FF37D50048EABF /* DateFromComponents.swift */; };
		AEBD6CE42711818D007B9772 /* NaiveDate.swift in Sources */ = {isa = PBXBuildFile; fileRef = AEBD6CE32711818D007B9772 /* NaiveDate.swift */; };
/* End PBXBuildFile section */

/* Begin PBXContainerItemProxy section */
		AE713E9B2649FFFD00A712A7 /* PBXContainerItemProxy */ = {
			isa = PBXContainerItemProxy;
			containerPortal = AE713E812649FFFC00A712A7 /* Project object */;
			proxyType = 1;
			remoteGlobalIDString = AE713E882649FFFC00A712A7;
			remoteInfo = Frej;
		};
		AE713EA62649FFFD00A712A7 /* PBXContainerItemProxy */ = {
			isa = PBXContainerItemProxy;
			containerPortal = AE713E812649FFFC00A712A7 /* Project object */;
			proxyType = 1;
			remoteGlobalIDString = AE713E882649FFFC00A712A7;
			remoteInfo = Frej;
		};
/* End PBXContainerItemProxy section */

/* Begin PBXFileReference section */
		AE6DAA622725C5F500152EC6 /* Frej.entitlements */ = {isa = PBXFileReference; lastKnownFileType = text.plist.entitlements; path = Frej.entitlements; sourceTree = "<group>"; };
		AE713E892649FFFC00A712A7 /* Frej.app */ = {isa = PBXFileReference; explicitFileType = wrapper.application; includeInIndex = 0; path = Frej.app; sourceTree = BUILT_PRODUCTS_DIR; };
		AE713E8C2649FFFC00A712A7 /* FrejApp.swift */ = {isa = PBXFileReference; lastKnownFileType = sourcecode.swift; path = FrejApp.swift; sourceTree = "<group>"; };
		AE713E8E2649FFFC00A712A7 /* ContentView.swift */ = {isa = PBXFileReference; lastKnownFileType = sourcecode.swift; path = ContentView.swift; sourceTree = "<group>"; };
		AE713E902649FFFD00A712A7 /* Assets.xcassets */ = {isa = PBXFileReference; lastKnownFileType = folder.assetcatalog; name = Assets.xcassets; path = Frej/Assets.xcassets; sourceTree = SOURCE_ROOT; };
		AE713E932649FFFD00A712A7 /* Preview Assets.xcassets */ = {isa = PBXFileReference; lastKnownFileType = folder.assetcatalog; path = "Preview Assets.xcassets"; sourceTree = "<group>"; };
		AE713E952649FFFD00A712A7 /* Info.plist */ = {isa = PBXFileReference; lastKnownFileType = text.plist.xml; path = Info.plist; sourceTree = "<group>"; };
		AE713E9A2649FFFD00A712A7 /* FrejTests.xctest */ = {isa = PBXFileReference; explicitFileType = wrapper.cfbundle; includeInIndex = 0; path = FrejTests.xctest; sourceTree = BUILT_PRODUCTS_DIR; };
		AE713E9E2649FFFD00A712A7 /* FrejTests.swift */ = {isa = PBXFileReference; lastKnownFileType = sourcecode.swift; path = FrejTests.swift; sourceTree = "<group>"; };
		AE713EA02649FFFD00A712A7 /* Info.plist */ = {isa = PBXFileReference; lastKnownFileType = text.plist.xml; path = Info.plist; sourceTree = "<group>"; };
		AE713EA52649FFFD00A712A7 /* FrejUITests.xctest */ = {isa = PBXFileReference; explicitFileType = wrapper.cfbundle; includeInIndex = 0; path = FrejUITests.xctest; sourceTree = BUILT_PRODUCTS_DIR; };
		AE713EA92649FFFD00A712A7 /* FrejUITests.swift */ = {isa = PBXFileReference; lastKnownFileType = sourcecode.swift; path = FrejUITests.swift; sourceTree = "<group>"; };
		AE713EAB2649FFFD00A712A7 /* Info.plist */ = {isa = PBXFileReference; lastKnownFileType = text.plist.xml; path = Info.plist; sourceTree = "<group>"; };
		AE713EB7264DACC100A712A7 /* LocationProvider.swift */ = {isa = PBXFileReference; lastKnownFileType = sourcecode.swift; path = LocationProvider.swift; sourceTree = "<group>"; };
		AE713EB9264DB79B00A712A7 /* Weather.swift */ = {isa = PBXFileReference; lastKnownFileType = sourcecode.swift; path = Weather.swift; sourceTree = "<group>"; };
		AE7344D126FE261A0048EABF /* Icons.swift */ = {isa = PBXFileReference; lastKnownFileType = sourcecode.swift; path = Icons.swift; sourceTree = "<group>"; };
		AE7344D326FF034F0048EABF /* ColorHex.swift */ = {isa = PBXFileReference; lastKnownFileType = sourcecode.swift; path = ColorHex.swift; sourceTree = "<group>"; };
		AE7344D526FF37D50048EABF /* DateFromComponents.swift */ = {isa = PBXFileReference; lastKnownFileType = sourcecode.swift; path = DateFromComponents.swift; sourceTree = "<group>"; };
		AEBD6CE32711818D007B9772 /* NaiveDate.swift */ = {isa = PBXFileReference; lastKnownFileType = sourcecode.swift; path = NaiveDate.swift; sourceTree = "<group>"; };
/* End PBXFileReference section */

/* Begin PBXFrameworksBuildPhase section */
		AE713E862649FFFC00A712A7 /* Frameworks */ = {
			isa = PBXFrameworksBuildPhase;
			buildActionMask = 2147483647;
			files = (
			);
			runOnlyForDeploymentPostprocessing = 0;
		};
		AE713E972649FFFD00A712A7 /* Frameworks */ = {
			isa = PBXFrameworksBuildPhase;
			buildActionMask = 2147483647;
			files = (
			);
			runOnlyForDeploymentPostprocessing = 0;
		};
		AE713EA22649FFFD00A712A7 /* Frameworks */ = {
			isa = PBXFrameworksBuildPhase;
			buildActionMask = 2147483647;
			files = (
			);
			runOnlyForDeploymentPostprocessing = 0;
		};
/* End PBXFrameworksBuildPhase section */

/* Begin PBXGroup section */
		AE713E802649FFFC00A712A7 = {
			isa = PBXGroup;
			children = (
				AE713E8B2649FFFC00A712A7 /* Frej */,
				AE713E9D2649FFFD00A712A7 /* FrejTests */,
				AE713EA82649FFFD00A712A7 /* FrejUITests */,
				AE713E8A2649FFFC00A712A7 /* Products */,
			);
			sourceTree = "<group>";
		};
		AE713E8A2649FFFC00A712A7 /* Products */ = {
			isa = PBXGroup;
			children = (
				AE713E892649FFFC00A712A7 /* Frej.app */,
				AE713E9A2649FFFD00A712A7 /* FrejTests.xctest */,
				AE713EA52649FFFD00A712A7 /* FrejUITests.xctest */,
			);
			name = Products;
			sourceTree = "<group>";
		};
		AE713E8B2649FFFC00A712A7 /* Frej */ = {
			isa = PBXGroup;
			children = (
				AE6DAA622725C5F500152EC6 /* Frej.entitlements */,
				AE713E8C2649FFFC00A712A7 /* FrejApp.swift */,
				AE713E8E2649FFFC00A712A7 /* ContentView.swift */,
				AE7344D526FF37D50048EABF /* DateFromComponents.swift */,
				AE713E902649FFFD00A712A7 /* Assets.xcassets */,
				AE713E952649FFFD00A712A7 /* Info.plist */,
				AE713E922649FFFD00A712A7 /* Preview Content */,
				AE713EB7264DACC100A712A7 /* LocationProvider.swift */,
				AE713EB9264DB79B00A712A7 /* Weather.swift */,
				AE7344D126FE261A0048EABF /* Icons.swift */,
				AE7344D326FF034F0048EABF /* ColorHex.swift */,
				AEBD6CE32711818D007B9772 /* NaiveDate.swift */,
			);
			path = Frej;
			sourceTree = "<group>";
		};
		AE713E922649FFFD00A712A7 /* Preview Content */ = {
			isa = PBXGroup;
			children = (
				AE713E932649FFFD00A712A7 /* Preview Assets.xcassets */,
			);
			path = "Preview Content";
			sourceTree = "<group>";
		};
		AE713E9D2649FFFD00A712A7 /* FrejTests */ = {
			isa = PBXGroup;
			children = (
				AE713E9E2649FFFD00A712A7 /* FrejTests.swift */,
				AE713EA02649FFFD00A712A7 /* Info.plist */,
			);
			path = FrejTests;
			sourceTree = "<group>";
		};
		AE713EA82649FFFD00A712A7 /* FrejUITests */ = {
			isa = PBXGroup;
			children = (
				AE713EA92649FFFD00A712A7 /* FrejUITests.swift */,
				AE713EAB2649FFFD00A712A7 /* Info.plist */,
			);
			path = FrejUITests;
			sourceTree = "<group>";
		};
/* End PBXGroup section */

/* Begin PBXNativeTarget section */
		AE713E882649FFFC00A712A7 /* Frej */ = {
			isa = PBXNativeTarget;
			buildConfigurationList = AE713EAE2649FFFD00A712A7 /* Build configuration list for PBXNativeTarget "Frej" */;
			buildPhases = (
				AE713E852649FFFC00A712A7 /* Sources */,
				AE713E862649FFFC00A712A7 /* Frameworks */,
				AE713E872649FFFC00A712A7 /* Resources */,
			);
			buildRules = (
			);
			dependencies = (
			);
			name = Frej;
			productName = Frej;
			productReference = AE713E892649FFFC00A712A7 /* Frej.app */;
			productType = "com.apple.product-type.application";
		};
		AE713E992649FFFD00A712A7 /* FrejTests */ = {
			isa = PBXNativeTarget;
			buildConfigurationList = AE713EB12649FFFD00A712A7 /* Build configuration list for PBXNativeTarget "FrejTests" */;
			buildPhases = (
				AE713E962649FFFD00A712A7 /* Sources */,
				AE713E972649FFFD00A712A7 /* Frameworks */,
				AE713E982649FFFD00A712A7 /* Resources */,
			);
			buildRules = (
			);
			dependencies = (
				AE713E9C2649FFFD00A712A7 /* PBXTargetDependency */,
			);
			name = FrejTests;
			productName = FrejTests;
			productReference = AE713E9A2649FFFD00A712A7 /* FrejTests.xctest */;
			productType = "com.apple.product-type.bundle.unit-test";
		};
		AE713EA42649FFFD00A712A7 /* FrejUITests */ = {
			isa = PBXNativeTarget;
			buildConfigurationList = AE713EB42649FFFD00A712A7 /* Build configuration list for PBXNativeTarget "FrejUITests" */;
			buildPhases = (
				AE713EA12649FFFD00A712A7 /* Sources */,
				AE713EA22649FFFD00A712A7 /* Frameworks */,
				AE713EA32649FFFD00A712A7 /* Resources */,
			);
			buildRules = (
			);
			dependencies = (
				AE713EA72649FFFD00A712A7 /* PBXTargetDependency */,
			);
			name = FrejUITests;
			productName = FrejUITests;
			productReference = AE713EA52649FFFD00A712A7 /* FrejUITests.xctest */;
			productType = "com.apple.product-type.bundle.ui-testing";
		};
/* End PBXNativeTarget section */

/* Begin PBXProject section */
		AE713E812649FFFC00A712A7 /* Project object */ = {
			isa = PBXProject;
			attributes = {
				LastSwiftUpdateCheck = 1250;
				LastUpgradeCheck = 1250;
				TargetAttributes = {
					AE713E882649FFFC00A712A7 = {
						CreatedOnToolsVersion = 12.5;
					};
					AE713E992649FFFD00A712A7 = {
						CreatedOnToolsVersion = 12.5;
						TestTargetID = AE713E882649FFFC00A712A7;
					};
					AE713EA42649FFFD00A712A7 = {
						CreatedOnToolsVersion = 12.5;
						TestTargetID = AE713E882649FFFC00A712A7;
					};
				};
			};
			buildConfigurationList = AE713E842649FFFC00A712A7 /* Build configuration list for PBXProject "Frej" */;
			compatibilityVersion = "Xcode 9.3";
			developmentRegion = en;
			hasScannedForEncodings = 0;
			knownRegions = (
				en,
				Base,
			);
			mainGroup = AE713E802649FFFC00A712A7;
			productRefGroup = AE713E8A2649FFFC00A712A7 /* Products */;
			projectDirPath = "";
			projectRoot = "";
			targets = (
				AE713E882649FFFC00A712A7 /* Frej */,
				AE713E992649FFFD00A712A7 /* FrejTests */,
				AE713EA42649FFFD00A712A7 /* FrejUITests */,
			);
		};
/* End PBXProject section */

/* Begin PBXResourcesBuildPhase section */
		AE713E872649FFFC00A712A7 /* Resources */ = {
			isa = PBXResourcesBuildPhase;
			buildActionMask = 2147483647;
			files = (
				AE713E942649FFFD00A712A7 /* Preview Assets.xcassets in Resources */,
				AE713E912649FFFD00A712A7 /* Assets.xcassets in Resources */,
			);
			runOnlyForDeploymentPostprocessing = 0;
		};
		AE713E982649FFFD00A712A7 /* Resources */ = {
			isa = PBXResourcesBuildPhase;
			buildActionMask = 2147483647;
			files = (
			);
			runOnlyForDeploymentPostprocessing = 0;
		};
		AE713EA32649FFFD00A712A7 /* Resources */ = {
			isa = PBXResourcesBuildPhase;
			buildActionMask = 2147483647;
			files = (
			);
			runOnlyForDeploymentPostprocessing = 0;
		};
/* End PBXResourcesBuildPhase section */

/* Begin PBXSourcesBuildPhase section */
		AE713E852649FFFC00A712A7 /* Sources */ = {
			isa = PBXSourcesBuildPhase;
			buildActionMask = 2147483647;
			files = (
				AE713EB8264DACC100A712A7 /* LocationProvider.swift in Sources */,
				AE7344D426FF03500048EABF /* ColorHex.swift in Sources */,
				AE713E8F2649FFFC00A712A7 /* ContentView.swift in Sources */,
				AEBD6CE42711818D007B9772 /* NaiveDate.swift in Sources */,
				AE713EBA264DB79B00A712A7 /* Weather.swift in Sources */,
				AE7344D226FE261A0048EABF /* Icons.swift in Sources */,
				AE7344D626FF37D50048EABF /* DateFromComponents.swift in Sources */,
				AE713E8D2649FFFC00A712A7 /* FrejApp.swift in Sources */,
			);
			runOnlyForDeploymentPostprocessing = 0;
		};
		AE713E962649FFFD00A712A7 /* Sources */ = {
			isa = PBXSourcesBuildPhase;
			buildActionMask = 2147483647;
			files = (
				AE713E9F2649FFFD00A712A7 /* FrejTests.swift in Sources */,
			);
			runOnlyForDeploymentPostprocessing = 0;
		};
		AE713EA12649FFFD00A712A7 /* Sources */ = {
			isa = PBXSourcesBuildPhase;
			buildActionMask = 2147483647;
			files = (
				AE713EAA2649FFFD00A712A7 /* FrejUITests.swift in Sources */,
			);
			runOnlyForDeploymentPostprocessing = 0;
		};
/* End PBXSourcesBuildPhase section */

/* Begin PBXTargetDependency section */
		AE713E9C2649FFFD00A712A7 /* PBXTargetDependency */ = {
			isa = PBXTargetDependency;
			target = AE713E882649FFFC00A712A7 /* Frej */;
			targetProxy = AE713E9B2649FFFD00A712A7 /* PBXContainerItemProxy */;
		};
		AE713EA72649FFFD00A712A7 /* PBXTargetDependency */ = {
			isa = PBXTargetDependency;
			target = AE713E882649FFFC00A712A7 /* Frej */;
			targetProxy = AE713EA62649FFFD00A712A7 /* PBXContainerItemProxy */;
		};
/* End PBXTargetDependency section */

/* Begin XCBuildConfiguration section */
		AE713EAC2649FFFD00A712A7 /* Debug */ = {
			isa = XCBuildConfiguration;
			buildSettings = {
				ALWAYS_SEARCH_USER_PATHS = NO;
				CLANG_ANALYZER_NONNULL = YES;
				CLANG_ANALYZER_NUMBER_OBJECT_CONVERSION = YES_AGGRESSIVE;
				CLANG_CXX_LANGUAGE_STANDARD = "gnu++14";
				CLANG_CXX_LIBRARY = "libc++";
				CLANG_ENABLE_MODULES = YES;
				CLANG_ENABLE_OBJC_ARC = YES;
				CLANG_ENABLE_OBJC_WEAK = YES;
				CLANG_WARN_BLOCK_CAPTURE_AUTORELEASING = YES;
				CLANG_WARN_BOOL_CONVERSION = YES;
				CLANG_WARN_COMMA = YES;
				CLANG_WARN_CONSTANT_CONVERSION = YES;
				CLANG_WARN_DEPRECATED_OBJC_IMPLEMENTATIONS = YES;
				CLANG_WARN_DIRECT_OBJC_ISA_USAGE = YES_ERROR;
				CLANG_WARN_DOCUMENTATION_COMMENTS = YES;
				CLANG_WARN_EMPTY_BODY = YES;
				CLANG_WARN_ENUM_CONVERSION = YES;
				CLANG_WARN_INFINITE_RECURSION = YES;
				CLANG_WARN_INT_CONVERSION = YES;
				CLANG_WARN_NON_LITERAL_NULL_CONVERSION = YES;
				CLANG_WARN_OBJC_IMPLICIT_RETAIN_SELF = YES;
				CLANG_WARN_OBJC_LITERAL_CONVERSION = YES;
				CLANG_WARN_OBJC_ROOT_CLASS = YES_ERROR;
				CLANG_WARN_QUOTED_INCLUDE_IN_FRAMEWORK_HEADER = YES;
				CLANG_WARN_RANGE_LOOP_ANALYSIS = YES;
				CLANG_WARN_STRICT_PROTOTYPES = YES;
				CLANG_WARN_SUSPICIOUS_MOVE = YES;
				CLANG_WARN_UNGUARDED_AVAILABILITY = YES_AGGRESSIVE;
				CLANG_WARN_UNREACHABLE_CODE = YES;
				CLANG_WARN__DUPLICATE_METHOD_MATCH = YES;
				COPY_PHASE_STRIP = NO;
				DEBUG_INFORMATION_FORMAT = dwarf;
				ENABLE_STRICT_OBJC_MSGSEND = YES;
				ENABLE_TESTABILITY = YES;
				GCC_C_LANGUAGE_STANDARD = gnu11;
				GCC_DYNAMIC_NO_PIC = NO;
				GCC_NO_COMMON_BLOCKS = YES;
				GCC_OPTIMIZATION_LEVEL = 0;
				GCC_PREPROCESSOR_DEFINITIONS = (
					"DEBUG=1",
					"$(inherited)",
				);
				GCC_WARN_64_TO_32_BIT_CONVERSION = YES;
				GCC_WARN_ABOUT_RETURN_TYPE = YES_ERROR;
				GCC_WARN_UNDECLARED_SELECTOR = YES;
				GCC_WARN_UNINITIALIZED_AUTOS = YES_AGGRESSIVE;
				GCC_WARN_UNUSED_FUNCTION = YES;
				GCC_WARN_UNUSED_VARIABLE = YES;
				IPHONEOS_DEPLOYMENT_TARGET = 14.5;
				MTL_ENABLE_DEBUG_INFO = INCLUDE_SOURCE;
				MTL_FAST_MATH = YES;
				ONLY_ACTIVE_ARCH = YES;
				SDKROOT = iphoneos;
				SWIFT_ACTIVE_COMPILATION_CONDITIONS = DEBUG;
				SWIFT_OPTIMIZATION_LEVEL = "-Onone";
			};
			name = Debug;
		};
		AE713EAD2649FFFD00A712A7 /* Release */ = {
			isa = XCBuildConfiguration;
			buildSettings = {
				ALWAYS_SEARCH_USER_PATHS = NO;
				CLANG_ANALYZER_NONNULL = YES;
				CLANG_ANALYZER_NUMBER_OBJECT_CONVERSION = YES_AGGRESSIVE;
				CLANG_CXX_LANGUAGE_STANDARD = "gnu++14";
				CLANG_CXX_LIBRARY = "libc++";
				CLANG_ENABLE_MODULES = YES;
				CLANG_ENABLE_OBJC_ARC = YES;
				CLANG_ENABLE_OBJC_WEAK = YES;
				CLANG_WARN_BLOCK_CAPTURE_AUTORELEASING = YES;
				CLANG_WARN_BOOL_CONVERSION = YES;
				CLANG_WARN_COMMA = YES;
				CLANG_WARN_CONSTANT_CONVERSION = YES;
				CLANG_WARN_DEPRECATED_OBJC_IMPLEMENTATIONS = YES;
				CLANG_WARN_DIRECT_OBJC_ISA_USAGE = YES_ERROR;
				CLANG_WARN_DOCUMENTATION_COMMENTS = YES;
				CLANG_WARN_EMPTY_BODY = YES;
				CLANG_WARN_ENUM_CONVERSION = YES;
				CLANG_WARN_INFINITE_RECURSION = YES;
				CLANG_WARN_INT_CONVERSION = YES;
				CLANG_WARN_NON_LITERAL_NULL_CONVERSION = YES;
				CLANG_WARN_OBJC_IMPLICIT_RETAIN_SELF = YES;
				CLANG_WARN_OBJC_LITERAL_CONVERSION = YES;
				CLANG_WARN_OBJC_ROOT_CLASS = YES_ERROR;
				CLANG_WARN_QUOTED_INCLUDE_IN_FRAMEWORK_HEADER = YES;
				CLANG_WARN_RANGE_LOOP_ANALYSIS = YES;
				CLANG_WARN_STRICT_PROTOTYPES = YES;
				CLANG_WARN_SUSPICIOUS_MOVE = YES;
				CLANG_WARN_UNGUARDED_AVAILABILITY = YES_AGGRESSIVE;
				CLANG_WARN_UNREACHABLE_CODE = YES;
				CLANG_WARN__DUPLICATE_METHOD_MATCH = YES;
				COPY_PHASE_STRIP = NO;
				DEBUG_INFORMATION_FORMAT = "dwarf-with-dsym";
				ENABLE_NS_ASSERTIONS = NO;
				ENABLE_STRICT_OBJC_MSGSEND = YES;
				GCC_C_LANGUAGE_STANDARD = gnu11;
				GCC_NO_COMMON_BLOCKS = YES;
				GCC_WARN_64_TO_32_BIT_CONVERSION = YES;
				GCC_WARN_ABOUT_RETURN_TYPE = YES_ERROR;
				GCC_WARN_UNDECLARED_SELECTOR = YES;
				GCC_WARN_UNINITIALIZED_AUTOS = YES_AGGRESSIVE;
				GCC_WARN_UNUSED_FUNCTION = YES;
				GCC_WARN_UNUSED_VARIABLE = YES;
				IPHONEOS_DEPLOYMENT_TARGET = 14.5;
				MTL_ENABLE_DEBUG_INFO = NO;
				MTL_FAST_MATH = YES;
				SDKROOT = iphoneos;
				SWIFT_COMPILATION_MODE = wholemodule;
				SWIFT_OPTIMIZATION_LEVEL = "-O";
				VALIDATE_PRODUCT = YES;
			};
			name = Release;
		};
		AE713EAF2649FFFD00A712A7 /* Debug */ = {
			isa = XCBuildConfiguration;
			buildSettings = {
				ASSETCATALOG_COMPILER_APPICON_NAME = AppIcon;
				ASSETCATALOG_COMPILER_GLOBAL_ACCENT_COLOR_NAME = AccentColor;
				ASSETCATALOG_COMPILER_INCLUDE_ALL_APPICON_ASSETS = NO;
				CODE_SIGN_ENTITLEMENTS = Frej/Frej.entitlements;
				CODE_SIGN_STYLE = Automatic;
				DEVELOPMENT_ASSET_PATHS = "\"Frej/Preview Content\"";
				DEVELOPMENT_TEAM = B6FVY827P9;
				ENABLE_PREVIEWS = YES;
				INFOPLIST_FILE = Frej/Info.plist;
				IPHONEOS_DEPLOYMENT_TARGET = 14.0;
				LD_RUNPATH_SEARCH_PATHS = (
					"$(inherited)",
					"@executable_path/Frameworks",
				);
				PRODUCT_BUNDLE_IDENTIFIER = net.kodare.sunhail;
				PRODUCT_NAME = "$(TARGET_NAME)";
				SUPPORTS_MACCATALYST = YES;
				SWIFT_VERSION = 5.0;
				TARGETED_DEVICE_FAMILY = "1,2";
			};
			name = Debug;
		};
		AE713EB02649FFFD00A712A7 /* Release */ = {
			isa = XCBuildConfiguration;
			buildSettings = {
				ASSETCATALOG_COMPILER_APPICON_NAME = AppIcon;
				ASSETCATALOG_COMPILER_GLOBAL_ACCENT_COLOR_NAME = AccentColor;
				ASSETCATALOG_COMPILER_INCLUDE_ALL_APPICON_ASSETS = NO;
				CODE_SIGN_ENTITLEMENTS = Frej/Frej.entitlements;
				CODE_SIGN_STYLE = Automatic;
				DEVELOPMENT_ASSET_PATHS = "\"Frej/Preview Content\"";
				DEVELOPMENT_TEAM = B6FVY827P9;
				ENABLE_PREVIEWS = YES;
				INFOPLIST_FILE = Frej/Info.plist;
				IPHONEOS_DEPLOYMENT_TARGET = 14.0;
				LD_RUNPATH_SEARCH_PATHS = (
					"$(inherited)",
					"@executable_path/Frameworks",
				);
				PRODUCT_BUNDLE_IDENTIFIER = net.kodare.sunhail;
				PRODUCT_NAME = "$(TARGET_NAME)";
				SUPPORTS_MACCATALYST = YES;
				SWIFT_VERSION = 5.0;
				TARGETED_DEVICE_FAMILY = "1,2";
			};
			name = Release;
		};
		AE713EB22649FFFD00A712A7 /* Debug */ = {
			isa = XCBuildConfiguration;
			buildSettings = {
				ALWAYS_EMBED_SWIFT_STANDARD_LIBRARIES = YES;
				BUNDLE_LOADER = "$(TEST_HOST)";
				CODE_SIGN_STYLE = Automatic;
				DEVELOPMENT_TEAM = B6FVY827P9;
				INFOPLIST_FILE = FrejTests/Info.plist;
				IPHONEOS_DEPLOYMENT_TARGET = 15.0;
				LD_RUNPATH_SEARCH_PATHS = (
					"$(inherited)",
					"@executable_path/Frameworks",
					"@loader_path/Frameworks",
				);
				PRODUCT_BUNDLE_IDENTIFIER = net.kodare.FrejTests;
				PRODUCT_NAME = "$(TARGET_NAME)";
				SWIFT_VERSION = 5.0;
				TARGETED_DEVICE_FAMILY = "1,2";
				TEST_HOST = "$(BUILT_PRODUCTS_DIR)/Frej.app/Frej";
			};
			name = Debug;
		};
		AE713EB32649FFFD00A712A7 /* Release */ = {
			isa = XCBuildConfiguration;
			buildSettings = {
				ALWAYS_EMBED_SWIFT_STANDARD_LIBRARIES = YES;
				BUNDLE_LOADER = "$(TEST_HOST)";
				CODE_SIGN_STYLE = Automatic;
				DEVELOPMENT_TEAM = B6FVY827P9;
				INFOPLIST_FILE = FrejTests/Info.plist;
				IPHONEOS_DEPLOYMENT_TARGET = 15.0;
				LD_RUNPATH_SEARCH_PATHS = (
					"$(inherited)",
					"@executable_path/Frameworks",
					"@loader_path/Frameworks",
				);
				PRODUCT_BUNDLE_IDENTIFIER = net.kodare.FrejTests;
				PRODUCT_NAME = "$(TARGET_NAME)";
				SWIFT_VERSION = 5.0;
				TARGETED_DEVICE_FAMILY = "1,2";
				TEST_HOST = "$(BUILT_PRODUCTS_DIR)/Frej.app/Frej";
			};
			name = Release;
		};
		AE713EB52649FFFD00A712A7 /* Debug */ = {
			isa = XCBuildConfiguration;
			buildSettings = {
				ALWAYS_EMBED_SWIFT_STANDARD_LIBRARIES = YES;
				CODE_SIGN_STYLE = Automatic;
				DEVELOPMENT_TEAM = B6FVY827P9;
				INFOPLIST_FILE = FrejUITests/Info.plist;
				LD_RUNPATH_SEARCH_PATHS = (
					"$(inherited)",
					"@executable_path/Frameworks",
					"@loader_path/Frameworks",
				);
				PRODUCT_BUNDLE_IDENTIFIER = net.kodare.FrejUITests;
				PRODUCT_NAME = "$(TARGET_NAME)";
				SWIFT_VERSION = 5.0;
				TARGETED_DEVICE_FAMILY = "1,2";
				TEST_TARGET_NAME = Frej;
			};
			name = Debug;
		};
		AE713EB62649FFFD00A712A7 /* Release */ = {
			isa = XCBuildConfiguration;
			buildSettings = {
				ALWAYS_EMBED_SWIFT_STANDARD_LIBRARIES = YES;
				CODE_SIGN_STYLE = Automatic;
				DEVELOPMENT_TEAM = B6FVY827P9;
				INFOPLIST_FILE = FrejUITests/Info.plist;
				LD_RUNPATH_SEARCH_PATHS = (
					"$(inherited)",
					"@executable_path/Frameworks",
					"@loader_path/Frameworks",
				);
				PRODUCT_BUNDLE_IDENTIFIER = net.kodare.FrejUITests;
				PRODUCT_NAME = "$(TARGET_NAME)";
				SWIFT_VERSION = 5.0;
				TARGETED_DEVICE_FAMILY = "1,2";
				TEST_TARGET_NAME = Frej;
			};
			name = Release;
		};
/* End XCBuildConfiguration section */

/* Begin XCConfigurationList section */
		AE713E842649FFFC00A712A7 /* Build configuration list for PBXProject "Frej" */ = {
			isa = XCConfigurationList;
			buildConfigurations = (
				AE713EAC2649FFFD00A712A7 /* Debug */,
				AE713EAD2649FFFD00A712A7 /* Release */,
			);
			defaultConfigurationIsVisible = 0;
			defaultConfigurationName = Release;
		};
		AE713EAE2649FFFD00A712A7 /* Build configuration list for PBXNativeTarget "Frej" */ = {
			isa = XCConfigurationList;
			buildConfigurations = (
				AE713EAF2649FFFD00A712A7 /* Debug */,
				AE713EB02649FFFD00A712A7 /* Release */,
			);
			defaultConfigurationIsVisible = 0;
			defaultConfigurationName = Release;
		};
		AE713EB12649FFFD00A712A7 /* Build configuration list for PBXNativeTarget "FrejTests" */ = {
			isa = XCConfigurationList;
			buildConfigurations = (
				AE713EB22649FFFD00A712A7 /* Debug */,
				AE713EB32649FFFD00A712A7 /* Release */,
			);
			defaultConfigurationIsVisible = 0;
			defaultConfigurationName = Release;
		};
		AE713EB42649FFFD00A712A7 /* Build configuration list for PBXNativeTarget "FrejUITests" */ = {
			isa = XCConfigurationList;
			buildConfigurations = (
				AE713EB52649FFFD00A712A7 /* Debug */,
				AE713EB62649FFFD00A712A7 /* Release */,
			);
			defaultConfigurationIsVisible = 0;
			defaultConfigurationName = Release;
		};
/* End XCConfigurationList section */
	};
	rootObject = AE713E812649FFFC00A712A7 /* Project object */;
}
